
Microsoft Visual Studio Solution File, Format Version 12.00
# Visual Studio Version 16
VisualStudioVersion = 16.0.30114.105
MinimumVisualStudioVersion = 10.0.40219.1
Project("{9A19103F-16F7-4668-BE54-9A1E7A4F7556}") = "Serializer", "Serializer\Serializer.csproj", "{7D788C0B-BA9D-4813-BAD3-02C00D155891}"
EndProject
Project("{FAE04EC0-301F-11D3-BF4B-00C04F79EFBC}") = "SerializerTests", "SerializerTests\SerializerTests.csproj", "{82672395-45DC-4D1C-BC63-30C760F2744C}"
EndProject
Global
	GlobalSection(SolutionConfigurationPlatforms) = preSolution
		Debug|Any CPU = Debug|Any CPU
		Release|Any CPU = Release|Any CPU
	EndGlobalSection
	GlobalSection(ProjectConfigurationPlatforms) = postSolution
		{7D788C0B-BA9D-4813-BAD3-02C00D155891}.Debug|Any CPU.ActiveCfg = Debug|Any CPU
		{7D788C0B-BA9D-4813-BAD3-02C00D155891}.Debug|Any CPU.Build.0 = Debug|Any CPU
		{7D788C0B-BA9D-4813-BAD3-02C00D155891}.Release|Any CPU.ActiveCfg = Release|Any CPU
		{7D788C0B-BA9D-4813-BAD3-02C00D155891}.Release|Any CPU.Build.0 = Release|Any CPU
		{82672395-45DC-4D1C-BC63-30C760F2744C}.Debug|Any CPU.ActiveCfg = Debug|Any CPU
		{82672395-45DC-4D1C-BC63-30C760F2744C}.Debug|Any CPU.Build.0 = Debug|Any CPU
		{82672395-45DC-4D1C-BC63-30C760F2744C}.Release|Any CPU.ActiveCfg = Release|Any CPU
		{82672395-45DC-4D1C-BC63-30C760F2744C}.Release|Any CPU.Build.0 = Release|Any CPU
	EndGlobalSection
	GlobalSection(SolutionProperties) = preSolution
		HideSolutionNode = FALSE
	EndGlobalSection
	GlobalSection(ExtensibilityGlobals) = postSolution
		SolutionGuid = {F101A383-355B-49A9-9CEA-E6FE3DE4DB38}
	EndGlobalSection
EndGlobal
